
Microsoft Visual Studio Solution File, Format Version 12.00
# Visual Studio Version 17
VisualStudioVersion = 17.1.32228.430
MinimumVisualStudioVersion = 10.0.40219.1
Project("{9A19103F-16F7-4668-BE54-9A1E7A4F7556}") = "PiranhaCMS-DataSelectDefaultValue", "PiranhaCMS-DataSelectDefaultValue.csproj", "{15D7C77E-47F2-47EA-ADCB-BC3E88EA3DEC}"
EndProject
Global
	GlobalSection(SolutionConfigurationPlatforms) = preSolution
		Debug|Any CPU = Debug|Any CPU
		Release|Any CPU = Release|Any CPU
	EndGlobalSection
	GlobalSection(ProjectConfigurationPlatforms) = postSolution
		{15D7C77E-47F2-47EA-ADCB-BC3E88EA3DEC}.Debug|Any CPU.ActiveCfg = Debug|Any CPU
		{15D7C77E-47F2-47EA-ADCB-BC3E88EA3DEC}.Debug|Any CPU.Build.0 = Debug|Any CPU
		{15D7C77E-47F2-47EA-ADCB-BC3E88EA3DEC}.Release|Any CPU.ActiveCfg = Release|Any CPU
		{15D7C77E-47F2-47EA-ADCB-BC3E88EA3DEC}.Release|Any CPU.Build.0 = Release|Any CPU
	EndGlobalSection
	GlobalSection(SolutionProperties) = preSolution
		HideSolutionNode = FALSE
	EndGlobalSection
	GlobalSection(ExtensibilityGlobals) = postSolution
		SolutionGuid = {25111DC0-A68D-45E0-9DAB-C10E77CB65DC}
	EndGlobalSection
EndGlobal
